
Microsoft Visual Studio Solution File, Format Version 12.00
# Visual Studio Version 16
VisualStudioVersion = 16.0.29411.108
MinimumVisualStudioVersion = 10.0.40219.1
Project("{FAE04EC0-301F-11D3-BF4B-00C04F79EFBC}") = "5951071105_VoThiDieuThuong_Nhom3_buoi2", "5951071105_VoThiDieuThuong_Nhom3_buoi2\5951071105_VoThiDieuThuong_Nhom3_buoi2.csproj", "{EA4BD135-2340-484D-B2BD-CDACF9888741}"
EndProject
Global
	GlobalSection(SolutionConfigurationPlatforms) = preSolution
		Debug|Any CPU = Debug|Any CPU
		Release|Any CPU = Release|Any CPU
	EndGlobalSection
	GlobalSection(ProjectConfigurationPlatforms) = postSolution
		{EA4BD135-2340-484D-B2BD-CDACF9888741}.Debug|Any CPU.ActiveCfg = Debug|Any CPU
		{EA4BD135-2340-484D-B2BD-CDACF9888741}.Debug|Any CPU.Build.0 = Debug|Any CPU
		{EA4BD135-2340-484D-B2BD-CDACF9888741}.Release|Any CPU.ActiveCfg = Release|Any CPU
		{EA4BD135-2340-484D-B2BD-CDACF9888741}.Release|Any CPU.Build.0 = Release|Any CPU
	EndGlobalSection
	GlobalSection(SolutionProperties) = preSolution
		HideSolutionNode = FALSE
	EndGlobalSection
	GlobalSection(ExtensibilityGlobals) = postSolution
		SolutionGuid = {165D75E9-0AF8-49CB-8758-4FC4D8D9CAF3}
	EndGlobalSection
EndGlobal
